
Microsoft Visual Studio Solution File, Format Version 12.00
# Visual Studio 15
VisualStudioVersion = 15.0.28307.329
MinimumVisualStudioVersion = 10.0.40219.1
Project("{8BC9CEB8-8B4A-11D0-8D11-00A0C91BC942}") = "BBcam_map", "BBcam_map\BBcam_map.vcxproj", "{55DC39A8-1432-4E0C-BDA4-FC873776715E}"
EndProject
Global
	GlobalSection(SolutionConfigurationPlatforms) = preSolution
		Debug|x64 = Debug|x64
		Debug|x86 = Debug|x86
		Release|x64 = Release|x64
		Release|x86 = Release|x86
	EndGlobalSection
	GlobalSection(ProjectConfigurationPlatforms) = postSolution
		{55DC39A8-1432-4E0C-BDA4-FC873776715E}.Debug|x64.ActiveCfg = Debug|x64
		{55DC39A8-1432-4E0C-BDA4-FC873776715E}.Debug|x64.Build.0 = Debug|x64
		{55DC39A8-1432-4E0C-BDA4-FC873776715E}.Debug|x86.ActiveCfg = Debug|Win32
		{55DC39A8-1432-4E0C-BDA4-FC873776715E}.Debug|x86.Build.0 = Debug|Win32
		{55DC39A8-1432-4E0C-BDA4-FC873776715E}.Release|x64.ActiveCfg = Release|x64
		{55DC39A8-1432-4E0C-BDA4-FC873776715E}.Release|x64.Build.0 = Release|x64
		{55DC39A8-1432-4E0C-BDA4-FC873776715E}.Release|x86.ActiveCfg = Release|Win32
		{55DC39A8-1432-4E0C-BDA4-FC873776715E}.Release|x86.Build.0 = Release|Win32
	EndGlobalSection
	GlobalSection(SolutionProperties) = preSolution
		HideSolutionNode = FALSE
	EndGlobalSection
	GlobalSection(ExtensibilityGlobals) = postSolution
		SolutionGuid = {ABD6445B-301F-4901-B366-75D305FC3C50}
	EndGlobalSection
EndGlobal
